
Microsoft Visual Studio Solution File, Format Version 12.00
# Visual Studio 14
VisualStudioVersion = 14.0.25420.1
MinimumVisualStudioVersion = 10.0.40219.1
Project("{FAE04EC0-301F-11D3-BF4B-00C04F79EFBC}") = "MyJiraWork", "MyJiraWork\MyJiraWork.csproj", "{23C90861-61B8-4ED7-B218-5DC150B5C7DF}"
EndProject
Project("{FAE04EC0-301F-11D3-BF4B-00C04F79EFBC}") = "MyJiraWork.Core", "MyJiraWork.Core\MyJiraWork.Core.csproj", "{D420BFE9-D31F-4F89-B239-8DB5BC275F90}"
EndProject
Project("{FAE04EC0-301F-11D3-BF4B-00C04F79EFBC}") = "WorkTracker", "WorkTracker\WorkTracker.csproj", "{45FDFC00-F22D-4F51-B4DB-E6C5FB5C7F20}"
EndProject
Project("{FAE04EC0-301F-11D3-BF4B-00C04F79EFBC}") = "UnitTests", "UnitTests\UnitTests.csproj", "{077496A0-04A8-4143-9AC2-8A1552B3C808}"
EndProject
Global
	GlobalSection(SolutionConfigurationPlatforms) = preSolution
		Debug|Any CPU = Debug|Any CPU
		Release|Any CPU = Release|Any CPU
	EndGlobalSection
	GlobalSection(ProjectConfigurationPlatforms) = postSolution
		{23C90861-61B8-4ED7-B218-5DC150B5C7DF}.Debug|Any CPU.ActiveCfg = Debug|Any CPU
		{23C90861-61B8-4ED7-B218-5DC150B5C7DF}.Debug|Any CPU.Build.0 = Debug|Any CPU
		{23C90861-61B8-4ED7-B218-5DC150B5C7DF}.Release|Any CPU.ActiveCfg = Release|Any CPU
		{23C90861-61B8-4ED7-B218-5DC150B5C7DF}.Release|Any CPU.Build.0 = Release|Any CPU
		{D420BFE9-D31F-4F89-B239-8DB5BC275F90}.Debug|Any CPU.ActiveCfg = Debug|Any CPU
		{D420BFE9-D31F-4F89-B239-8DB5BC275F90}.Debug|Any CPU.Build.0 = Debug|Any CPU
		{D420BFE9-D31F-4F89-B239-8DB5BC275F90}.Release|Any CPU.ActiveCfg = Release|Any CPU
		{D420BFE9-D31F-4F89-B239-8DB5BC275F90}.Release|Any CPU.Build.0 = Release|Any CPU
		{45FDFC00-F22D-4F51-B4DB-E6C5FB5C7F20}.Debug|Any CPU.ActiveCfg = Debug|Any CPU
		{45FDFC00-F22D-4F51-B4DB-E6C5FB5C7F20}.Debug|Any CPU.Build.0 = Debug|Any CPU
		{45FDFC00-F22D-4F51-B4DB-E6C5FB5C7F20}.Release|Any CPU.ActiveCfg = Release|Any CPU
		{45FDFC00-F22D-4F51-B4DB-E6C5FB5C7F20}.Release|Any CPU.Build.0 = Release|Any CPU
		{077496A0-04A8-4143-9AC2-8A1552B3C808}.Debug|Any CPU.ActiveCfg = Debug|Any CPU
		{077496A0-04A8-4143-9AC2-8A1552B3C808}.Debug|Any CPU.Build.0 = Debug|Any CPU
		{077496A0-04A8-4143-9AC2-8A1552B3C808}.Release|Any CPU.ActiveCfg = Release|Any CPU
		{077496A0-04A8-4143-9AC2-8A1552B3C808}.Release|Any CPU.Build.0 = Release|Any CPU
	EndGlobalSection
	GlobalSection(SolutionProperties) = preSolution
		HideSolutionNode = FALSE
	EndGlobalSection
EndGlobal
